
Microsoft Visual Studio Solution File, Format Version 12.00
# Visual Studio Version 17
VisualStudioVersion = 17.5.33530.505
MinimumVisualStudioVersion = 10.0.40219.1
Project("{FAE04EC0-301F-11D3-BF4B-00C04F79EFBC}") = "WestAgileLabs", "WestAgileLabs\WestAgileLabs.csproj", "{BE119848-D3FF-487E-B010-BEFB4F73052A}"
EndProject
Global
	GlobalSection(SolutionConfigurationPlatforms) = preSolution
		Debug|Any CPU = Debug|Any CPU
		Release|Any CPU = Release|Any CPU
	EndGlobalSection
	GlobalSection(ProjectConfigurationPlatforms) = postSolution
		{BE119848-D3FF-487E-B010-BEFB4F73052A}.Debug|Any CPU.ActiveCfg = Debug|Any CPU
		{BE119848-D3FF-487E-B010-BEFB4F73052A}.Debug|Any CPU.Build.0 = Debug|Any CPU
		{BE119848-D3FF-487E-B010-BEFB4F73052A}.Release|Any CPU.ActiveCfg = Release|Any CPU
		{BE119848-D3FF-487E-B010-BEFB4F73052A}.Release|Any CPU.Build.0 = Release|Any CPU
	EndGlobalSection
	GlobalSection(SolutionProperties) = preSolution
		HideSolutionNode = FALSE
	EndGlobalSection
	GlobalSection(ExtensibilityGlobals) = postSolution
		SolutionGuid = {63650531-2459-4119-95D5-5D2E9DC4A7F2}
	EndGlobalSection
EndGlobal
